{
  "name": "ts-fixture-exporter",
  "version": "1.0.0",
  "lockfileVersion": 3,
  "requires": true,
  "packages": {
    "": {
      "name": "ts-fixture-exporter",
      "version": "1.0.0",
      "dependencies": {
        "accumulate.js": "file:../../../accumulate-javascript-client"
      },
      "engines": {
        "node": ">=16"
      }
    },
    "../../../accumulate-javascript-client": {},
    "node_modules/accumulate.js": {
      "resolved": "../../../accumulate-javascript-client",
      "link": true
    }
  }
}
